
Microsoft Visual Studio Solution File, Format Version 12.00
# Visual Studio 15
Project("{FAE04EC0-301F-11D3-BF4B-00C04F79EFBC}") = "Assembly-CSharp", "Assembly-CSharp.csproj", "{3D82C435-25B8-FF0F-5543-C41EA6652965}"
EndProject
Project("{FAE04EC0-301F-11D3-BF4B-00C04F79EFBC}") = "LeanTransition", "LeanTransition.csproj", "{F78114B1-AEFB-5935-8D70-1B65380C252F}"
EndProject
Project("{FAE04EC0-301F-11D3-BF4B-00C04F79EFBC}") = "LeanGUI", "LeanGUI.csproj", "{C1972C44-1C1C-7CD2-13B2-B246807D5273}"
EndProject
Project("{FAE04EC0-301F-11D3-BF4B-00C04F79EFBC}") = "LeanCommon", "LeanCommon.csproj", "{B66BFD33-C431-7FA6-3658-0D55612317BA}"
EndProject
Project("{FAE04EC0-301F-11D3-BF4B-00C04F79EFBC}") = "LeanTransition.Editor", "LeanTransition.Editor.csproj", "{475536EC-00DE-207C-A301-A52755DB08A3}"
EndProject
Global
	GlobalSection(SolutionConfigurationPlatforms) = preSolution
		Debug|Any CPU = Debug|Any CPU
		Release|Any CPU = Release|Any CPU
	EndGlobalSection
	GlobalSection(ProjectConfigurationPlatforms) = postSolution
		{3D82C435-25B8-FF0F-5543-C41EA6652965}.Debug|Any CPU.ActiveCfg = Debug|Any CPU
		{3D82C435-25B8-FF0F-5543-C41EA6652965}.Debug|Any CPU.Build.0 = Debug|Any CPU
		{3D82C435-25B8-FF0F-5543-C41EA6652965}.Release|Any CPU.ActiveCfg = Release|Any CPU
		{3D82C435-25B8-FF0F-5543-C41EA6652965}.Release|Any CPU.Build.0 = Release|Any CPU
		{F78114B1-AEFB-5935-8D70-1B65380C252F}.Debug|Any CPU.ActiveCfg = Debug|Any CPU
		{F78114B1-AEFB-5935-8D70-1B65380C252F}.Debug|Any CPU.Build.0 = Debug|Any CPU
		{F78114B1-AEFB-5935-8D70-1B65380C252F}.Release|Any CPU.ActiveCfg = Release|Any CPU
		{F78114B1-AEFB-5935-8D70-1B65380C252F}.Release|Any CPU.Build.0 = Release|Any CPU
		{C1972C44-1C1C-7CD2-13B2-B246807D5273}.Debug|Any CPU.ActiveCfg = Debug|Any CPU
		{C1972C44-1C1C-7CD2-13B2-B246807D5273}.Debug|Any CPU.Build.0 = Debug|Any CPU
		{C1972C44-1C1C-7CD2-13B2-B246807D5273}.Release|Any CPU.ActiveCfg = Release|Any CPU
		{C1972C44-1C1C-7CD2-13B2-B246807D5273}.Release|Any CPU.Build.0 = Release|Any CPU
		{B66BFD33-C431-7FA6-3658-0D55612317BA}.Debug|Any CPU.ActiveCfg = Debug|Any CPU
		{B66BFD33-C431-7FA6-3658-0D55612317BA}.Debug|Any CPU.Build.0 = Debug|Any CPU
		{B66BFD33-C431-7FA6-3658-0D55612317BA}.Release|Any CPU.ActiveCfg = Release|Any CPU
		{B66BFD33-C431-7FA6-3658-0D55612317BA}.Release|Any CPU.Build.0 = Release|Any CPU
		{475536EC-00DE-207C-A301-A52755DB08A3}.Debug|Any CPU.ActiveCfg = Debug|Any CPU
		{475536EC-00DE-207C-A301-A52755DB08A3}.Debug|Any CPU.Build.0 = Debug|Any CPU
		{475536EC-00DE-207C-A301-A52755DB08A3}.Release|Any CPU.ActiveCfg = Release|Any CPU
		{475536EC-00DE-207C-A301-A52755DB08A3}.Release|Any CPU.Build.0 = Release|Any CPU
	EndGlobalSection
	GlobalSection(SolutionProperties) = preSolution
		HideSolutionNode = FALSE
	EndGlobalSection
EndGlobal
